
Microsoft Visual Studio Solution File, Format Version 12.00
# Visual Studio 14
VisualStudioVersion = 14.0.24720.0
MinimumVisualStudioVersion = 10.0.40219.1
Project("{FAE04EC0-301F-11D3-BF4B-00C04F79EFBC}") = "D1T15", "D1T15\D1T15.csproj", "{EA478197-3223-4496-A7BF-5E1A97E607EF}"
EndProject
Global
	GlobalSection(SolutionConfigurationPlatforms) = preSolution
		Debug|Any CPU = Debug|Any CPU
		Release|Any CPU = Release|Any CPU
	EndGlobalSection
	GlobalSection(ProjectConfigurationPlatforms) = postSolution
		{EA478197-3223-4496-A7BF-5E1A97E607EF}.Debug|Any CPU.ActiveCfg = Debug|Any CPU
		{EA478197-3223-4496-A7BF-5E1A97E607EF}.Debug|Any CPU.Build.0 = Debug|Any CPU
		{EA478197-3223-4496-A7BF-5E1A97E607EF}.Release|Any CPU.ActiveCfg = Release|Any CPU
		{EA478197-3223-4496-A7BF-5E1A97E607EF}.Release|Any CPU.Build.0 = Release|Any CPU
	EndGlobalSection
	GlobalSection(SolutionProperties) = preSolution
		HideSolutionNode = FALSE
	EndGlobalSection
EndGlobal
